
Microsoft Visual Studio Solution File, Format Version 12.00
# Visual Studio 2013
VisualStudioVersion = 12.0.31101.0
MinimumVisualStudioVersion = 10.0.40219.1
Project("{FAE04EC0-301F-11D3-BF4B-00C04F79EFBC}") = "lv6_ruap1", "lv6_ruap1\lv6_ruap1.csproj", "{C2CC9552-3D4E-4E4D-87A8-8137E36C855D}"
EndProject
Global
	GlobalSection(SolutionConfigurationPlatforms) = preSolution
		Debug|Any CPU = Debug|Any CPU
		Release|Any CPU = Release|Any CPU
	EndGlobalSection
	GlobalSection(ProjectConfigurationPlatforms) = postSolution
		{C2CC9552-3D4E-4E4D-87A8-8137E36C855D}.Debug|Any CPU.ActiveCfg = Debug|Any CPU
		{C2CC9552-3D4E-4E4D-87A8-8137E36C855D}.Debug|Any CPU.Build.0 = Debug|Any CPU
		{C2CC9552-3D4E-4E4D-87A8-8137E36C855D}.Release|Any CPU.ActiveCfg = Release|Any CPU
		{C2CC9552-3D4E-4E4D-87A8-8137E36C855D}.Release|Any CPU.Build.0 = Release|Any CPU
	EndGlobalSection
	GlobalSection(SolutionProperties) = preSolution
		HideSolutionNode = FALSE
	EndGlobalSection
EndGlobal
